
Microsoft Visual Studio Solution File, Format Version 12.00
# Visual Studio 2012
Project("{F184B08F-C81C-45F6-A57F-5ABD9991F28F}") = "MyMainApp", "MyMainApp\MyMainApp.vbproj", "{785A50EE-7D62-4009-B9E2-3D441D573428}"
EndProject
Project("{F184B08F-C81C-45F6-A57F-5ABD9991F28F}") = "VBShellExtension", "VBShellExtension\VBShellExtension.vbproj", "{9A34AB55-46CA-4F4D-B398-2A08CBBB3D58}"
EndProject
Project("{FAE04EC0-301F-11D3-BF4B-00C04F79EFBC}") = "CSShellExtension", "CSShellExtension\CSShellExtension.csproj", "{3D733016-2E13-48BC-9EE0-FBCB6756AC04}"
EndProject
Global
	GlobalSection(SolutionConfigurationPlatforms) = preSolution
		Debug|Any CPU = Debug|Any CPU
		Debug|Mixed Platforms = Debug|Mixed Platforms
		Debug|x64 = Debug|x64
		Debug|x86 = Debug|x86
		Release|Any CPU = Release|Any CPU
		Release|Mixed Platforms = Release|Mixed Platforms
		Release|x64 = Release|x64
		Release|x86 = Release|x86
	EndGlobalSection
	GlobalSection(ProjectConfigurationPlatforms) = postSolution
		{785A50EE-7D62-4009-B9E2-3D441D573428}.Debug|Any CPU.ActiveCfg = Debug|x64
		{785A50EE-7D62-4009-B9E2-3D441D573428}.Debug|Any CPU.Build.0 = Debug|x64
		{785A50EE-7D62-4009-B9E2-3D441D573428}.Debug|Mixed Platforms.ActiveCfg = Debug|x86
		{785A50EE-7D62-4009-B9E2-3D441D573428}.Debug|Mixed Platforms.Build.0 = Debug|x86
		{785A50EE-7D62-4009-B9E2-3D441D573428}.Debug|x64.ActiveCfg = Debug|x64
		{785A50EE-7D62-4009-B9E2-3D441D573428}.Debug|x64.Build.0 = Debug|x64
		{785A50EE-7D62-4009-B9E2-3D441D573428}.Debug|x86.ActiveCfg = Debug|x86
		{785A50EE-7D62-4009-B9E2-3D441D573428}.Debug|x86.Build.0 = Debug|x86
		{785A50EE-7D62-4009-B9E2-3D441D573428}.Release|Any CPU.ActiveCfg = Release|Any CPU
		{785A50EE-7D62-4009-B9E2-3D441D573428}.Release|Any CPU.Build.0 = Release|Any CPU
		{785A50EE-7D62-4009-B9E2-3D441D573428}.Release|Mixed Platforms.ActiveCfg = Release|Any CPU
		{785A50EE-7D62-4009-B9E2-3D441D573428}.Release|Mixed Platforms.Build.0 = Release|Any CPU
		{785A50EE-7D62-4009-B9E2-3D441D573428}.Release|x64.ActiveCfg = Release|x64
		{785A50EE-7D62-4009-B9E2-3D441D573428}.Release|x64.Build.0 = Release|x64
		{785A50EE-7D62-4009-B9E2-3D441D573428}.Release|x86.ActiveCfg = Release|x86
		{785A50EE-7D62-4009-B9E2-3D441D573428}.Release|x86.Build.0 = Release|x86
		{9A34AB55-46CA-4F4D-B398-2A08CBBB3D58}.Debug|Any CPU.ActiveCfg = Debug|Any CPU
		{9A34AB55-46CA-4F4D-B398-2A08CBBB3D58}.Debug|Any CPU.Build.0 = Debug|Any CPU
		{9A34AB55-46CA-4F4D-B398-2A08CBBB3D58}.Debug|Mixed Platforms.ActiveCfg = Debug|x86
		{9A34AB55-46CA-4F4D-B398-2A08CBBB3D58}.Debug|Mixed Platforms.Build.0 = Debug|x86
		{9A34AB55-46CA-4F4D-B398-2A08CBBB3D58}.Debug|x64.ActiveCfg = Debug|Any CPU
		{9A34AB55-46CA-4F4D-B398-2A08CBBB3D58}.Debug|x86.ActiveCfg = Debug|x86
		{9A34AB55-46CA-4F4D-B398-2A08CBBB3D58}.Debug|x86.Build.0 = Debug|x86
		{9A34AB55-46CA-4F4D-B398-2A08CBBB3D58}.Release|Any CPU.ActiveCfg = Release|Any CPU
		{9A34AB55-46CA-4F4D-B398-2A08CBBB3D58}.Release|Any CPU.Build.0 = Release|Any CPU
		{9A34AB55-46CA-4F4D-B398-2A08CBBB3D58}.Release|Mixed Platforms.ActiveCfg = Release|Any CPU
		{9A34AB55-46CA-4F4D-B398-2A08CBBB3D58}.Release|Mixed Platforms.Build.0 = Release|Any CPU
		{9A34AB55-46CA-4F4D-B398-2A08CBBB3D58}.Release|x64.ActiveCfg = Release|Any CPU
		{9A34AB55-46CA-4F4D-B398-2A08CBBB3D58}.Release|x86.ActiveCfg = Release|x86
		{9A34AB55-46CA-4F4D-B398-2A08CBBB3D58}.Release|x86.Build.0 = Release|x86
		{3D733016-2E13-48BC-9EE0-FBCB6756AC04}.Debug|Any CPU.ActiveCfg = Debug|Any CPU
		{3D733016-2E13-48BC-9EE0-FBCB6756AC04}.Debug|Any CPU.Build.0 = Debug|Any CPU
		{3D733016-2E13-48BC-9EE0-FBCB6756AC04}.Debug|Mixed Platforms.ActiveCfg = Debug|Any CPU
		{3D733016-2E13-48BC-9EE0-FBCB6756AC04}.Debug|Mixed Platforms.Build.0 = Debug|Any CPU
		{3D733016-2E13-48BC-9EE0-FBCB6756AC04}.Debug|x64.ActiveCfg = Debug|x64
		{3D733016-2E13-48BC-9EE0-FBCB6756AC04}.Debug|x64.Build.0 = Debug|x64
		{3D733016-2E13-48BC-9EE0-FBCB6756AC04}.Debug|x86.ActiveCfg = Debug|Any CPU
		{3D733016-2E13-48BC-9EE0-FBCB6756AC04}.Release|Any CPU.ActiveCfg = Release|Any CPU
		{3D733016-2E13-48BC-9EE0-FBCB6756AC04}.Release|Any CPU.Build.0 = Release|Any CPU
		{3D733016-2E13-48BC-9EE0-FBCB6756AC04}.Release|Mixed Platforms.ActiveCfg = Release|Any CPU
		{3D733016-2E13-48BC-9EE0-FBCB6756AC04}.Release|Mixed Platforms.Build.0 = Release|Any CPU
		{3D733016-2E13-48BC-9EE0-FBCB6756AC04}.Release|x64.ActiveCfg = Release|x64
		{3D733016-2E13-48BC-9EE0-FBCB6756AC04}.Release|x64.Build.0 = Release|x64
		{3D733016-2E13-48BC-9EE0-FBCB6756AC04}.Release|x86.ActiveCfg = Release|Any CPU
	EndGlobalSection
	GlobalSection(SolutionProperties) = preSolution
		HideSolutionNode = FALSE
	EndGlobalSection
EndGlobal
